// !$*UTF8*$!
{
	archiveVersion = 1;
	classes = {
	};
	objectVersion = 46;
	objects = {

/* Begin PBXBuildFile section */
		6A4B71DC1C32578200853AE7 /* AppDelegate.swift in Sources */ = {isa = PBXBuildFile; fileRef = 6A4B71DB1C32578200853AE7 /* AppDelegate.swift */; };
		6A4B71DE1C32578200853AE7 /* ViewController.swift in Sources */ = {isa = PBXBuildFile; fileRef = 6A4B71DD1C32578200853AE7 /* ViewController.swift */; };
		6A4B71E11C32578200853AE7 /* Main.storyboard in Resources */ = {isa = PBXBuildFile; fileRef = 6A4B71DF1C32578200853AE7 /* Main.storyboard */; };
		6A4B71E31C32578200853AE7 /* Assets.xcassets in Resources */ = {isa = PBXBuildFile; fileRef = 6A4B71E21C32578200853AE7 /* Assets.xcassets */; };
		6A4B71E61C32578200853AE7 /* LaunchScreen.storyboard in Resources */ = {isa = PBXBuildFile; fileRef = 6A4B71E41C32578200853AE7 /* LaunchScreen.storyboard */; };
		6A4B71F11C32578200853AE7 /* TipsterTests.swift in Sources */ = {isa = PBXBuildFile; fileRef = 6A4B71F01C32578200853AE7 /* TipsterTests.swift */; };
		6A4B71FC1C32578200853AE7 /* TipsterUITests.swift in Sources */ = {isa = PBXBuildFile; fileRef = 6A4B71FB1C32578200853AE7 /* TipsterUITests.swift */; };
/* End PBXBuildFile section */

/* Begin PBXContainerItemProxy section */
		6A4B71ED1C32578200853AE7 /* PBXContainerItemProxy */ = {
			isa = PBXContainerItemProxy;
			containerPortal = 6A4B71D01C32578200853AE7 /* Project object */;
			proxyType = 1;
			remoteGlobalIDString = 6A4B71D71C32578200853AE7;
			remoteInfo = Tipster;
		};
		6A4B71F81C32578200853AE7 /* PBXContainerItemProxy */ = {
			isa = PBXContainerItemProxy;
			containerPortal = 6A4B71D01C32578200853AE7 /* Project object */;
			proxyType = 1;
			remoteGlobalIDString = 6A4B71D71C32578200853AE7;
			remoteInfo = Tipster;
		};
/* End PBXContainerItemProxy section */

/* Begin PBXFileReference section */
		6A4B71D81C32578200853AE7 /* Tipster.app */ = {isa = PBXFileReference; explicitFileType = wrapper.application; includeInIndex = 0; path = Tipster.app; sourceTree = BUILT_PRODUCTS_DIR; };
		6A4B71DB1C32578200853AE7 /* AppDelegate.swift */ = {isa = PBXFileReference; lastKnownFileType = sourcecode.swift; path = AppDelegate.swift; sourceTree = "<group>"; };
		6A4B71DD1C32578200853AE7 /* ViewController.swift */ = {isa = PBXFileReference; lastKnownFileType = sourcecode.swift; path = ViewController.swift; sourceTree = "<group>"; };
		6A4B71E01C32578200853AE7 /* Base */ = {isa = PBXFileReference; lastKnownFileType = file.storyboard; name = Base; path = Base.lproj/Main.storyboard; sourceTree = "<group>"; };
		6A4B71E21C32578200853AE7 /* Assets.xcassets */ = {isa = PBXFileReference; lastKnownFileType = folder.assetcatalog; path = Assets.xcassets; sourceTree = "<group>"; };
		6A4B71E51C32578200853AE7 /* Base */ = {isa = PBXFileReference; lastKnownFileType = file.storyboard; name = Base; path = Base.lproj/LaunchScreen.storyboard; sourceTree = "<group>"; };
		6A4B71E71C32578200853AE7 /* Info.plist */ = {isa = PBXFileReference; lastKnownFileType = text.plist.xml; path = Info.plist; sourceTree = "<group>"; };
		6A4B71EC1C32578200853AE7 /* TipsterTests.xctest */ = {isa = PBXFileReference; explicitFileType = wrapper.cfbundle; includeInIndex = 0; path = TipsterTests.xctest; sourceTree = BUILT_PRODUCTS_DIR; };
		6A4B71F01C32578200853AE7 /* TipsterTests.swift */ = {isa = PBXFileReference; lastKnownFileType = sourcecode.swift; path = TipsterTests.swift; sourceTree = "<group>"; };
		6A4B71F21C32578200853AE7 /* Info.plist */ = {isa = PBXFileReference; lastKnownFileType = text.plist.xml; path = Info.plist; sourceTree = "<group>"; };
		6A4B71F71C32578200853AE7 /* TipsterUITests.xctest */ = {isa = PBXFileReference; explicitFileType = wrapper.cfbundle; includeInIndex = 0; path = TipsterUITests.xctest; sourceTree = BUILT_PRODUCTS_DIR; };
		6A4B71FB1C32578200853AE7 /* TipsterUITests.swift */ = {isa = PBXFileReference; lastKnownFileType = sourcecode.swift; path = TipsterUITests.swift; sourceTree = "<group>"; };
		6A4B71FD1C32578200853AE7 /* Info.plist */ = {isa = PBXFileReference; lastKnownFileType = text.plist.xml; path = Info.plist; sourceTree = "<group>"; };
/* End PBXFileReference section */

/* Begin PBXFrameworksBuildPhase section */
		6A4B71D51C32578200853AE7 /* Frameworks */ = {
			isa = PBXFrameworksBuildPhase;
			buildActionMask = 2147483647;
			files = (
			);
			runOnlyForDeploymentPostprocessing = 0;
		};
		6A4B71E91C32578200853AE7 /* Frameworks */ = {
			isa = PBXFrameworksBuildPhase;
			buildActionMask = 2147483647;
			files = (
			);
			runOnlyForDeploymentPostprocessing = 0;
		};
		6A4B71F41C32578200853AE7 /* Frameworks */ = {
			isa = PBXFrameworksBuildPhase;
			buildActionMask = 2147483647;
			files = (
			);
			runOnlyForDeploymentPostprocessing = 0;
		};
/* End PBXFrameworksBuildPhase section */

/* Begin PBXGroup section */
		6A4B71CF1C32578200853AE7 = {
			isa = PBXGroup;
			children = (
				6A4B71DA1C32578200853AE7 /* Tipster */,
				6A4B71EF1C32578200853AE7 /* TipsterTests */,
				6A4B71FA1C32578200853AE7 /* TipsterUITests */,
				6A4B71D91C32578200853AE7 /* Products */,
			);
			sourceTree = "<group>";
		};
		6A4B71D91C32578200853AE7 /* Products */ = {
			isa = PBXGroup;
			children = (
				6A4B71D81C32578200853AE7 /* Tipster.app */,
				6A4B71EC1C32578200853AE7 /* TipsterTests.xctest */,
				6A4B71F71C32578200853AE7 /* TipsterUITests.xctest */,
			);
			name = Products;
			sourceTree = "<group>";
		};
		6A4B71DA1C32578200853AE7 /* Tipster */ = {
			isa = PBXGroup;
			children = (
				6A4B71DB1C32578200853AE7 /* AppDelegate.swift */,
				6A4B71DD1C32578200853AE7 /* ViewController.swift */,
				6A4B71DF1C32578200853AE7 /* Main.storyboard */,
				6A4B71E21C32578200853AE7 /* Assets.xcassets */,
				6A4B71E41C32578200853AE7 /* LaunchScreen.storyboard */,
				6A4B71E71C32578200853AE7 /* Info.plist */,
			);
			path = Tipster;
			sourceTree = "<group>";
		};
		6A4B71EF1C32578200853AE7 /* TipsterTests */ = {
			isa = PBXGroup;
			children = (
				6A4B71F01C32578200853AE7 /* TipsterTests.swift */,
				6A4B71F21C32578200853AE7 /* Info.plist */,
			);
			path = TipsterTests;
			sourceTree = "<group>";
		};
		6A4B71FA1C32578200853AE7 /* TipsterUITests */ = {
			isa = PBXGroup;
			children = (
				6A4B71FB1C32578200853AE7 /* TipsterUITests.swift */,
				6A4B71FD1C32578200853AE7 /* Info.plist */,
			);
			path = TipsterUITests;
			sourceTree = "<group>";
		};
/* End PBXGroup section */

/* Begin PBXNativeTarget section */
		6A4B71D71C32578200853AE7 /* Tipster */ = {
			isa = PBXNativeTarget;
			buildConfigurationList = 6A4B72001C32578200853AE7 /* Build configuration list for PBXNativeTarget "Tipster" */;
			buildPhases = (
				6A4B71D41C32578200853AE7 /* Sources */,
				6A4B71D51C32578200853AE7 /* Frameworks */,
				6A4B71D61C32578200853AE7 /* Resources */,
			);
			buildRules = (
			);
			dependencies = (
			);
			name = Tipster;
			productName = Tipster;
			productReference = 6A4B71D81C32578200853AE7 /* Tipster.app */;
			productType = "com.apple.product-type.application";
		};
		6A4B71EB1C32578200853AE7 /* TipsterTests */ = {
			isa = PBXNativeTarget;
			buildConfigurationList = 6A4B72031C32578200853AE7 /* Build configuration list for PBXNativeTarget "TipsterTests" */;
			buildPhases = (
				6A4B71E81C32578200853AE7 /* Sources */,
				6A4B71E91C32578200853AE7 /* Frameworks */,
				6A4B71EA1C32578200853AE7 /* Resources */,
			);
			buildRules = (
			);
			dependencies = (
				6A4B71EE1C32578200853AE7 /* PBXTargetDependency */,
			);
			name = TipsterTests;
			productName = TipsterTests;
			productReference = 6A4B71EC1C32578200853AE7 /* TipsterTests.xctest */;
			productType = "com.apple.product-type.bundle.unit-test";
		};
		6A4B71F61C32578200853AE7 /* TipsterUITests */ = {
			isa = PBXNativeTarget;
			buildConfigurationList = 6A4B72061C32578200853AE7 /* Build configuration list for PBXNativeTarget "TipsterUITests" */;
			buildPhases = (
				6A4B71F31C32578200853AE7 /* Sources */,
				6A4B71F41C32578200853AE7 /* Frameworks */,
				6A4B71F51C32578200853AE7 /* Resources */,
			);
			buildRules = (
			);
			dependencies = (
				6A4B71F91C32578200853AE7 /* PBXTargetDependency */,
			);
			name = TipsterUITests;
			productName = TipsterUITests;
			productReference = 6A4B71F71C32578200853AE7 /* TipsterUITests.xctest */;
			productType = "com.apple.product-type.bundle.ui-testing";
		};
/* End PBXNativeTarget section */

/* Begin PBXProject section */
		6A4B71D01C32578200853AE7 /* Project object */ = {
			isa = PBXProject;
			attributes = {
				LastSwiftUpdateCheck = 0720;
				LastUpgradeCheck = 0720;
				ORGANIZATIONNAME = "Rita Huang";
				TargetAttributes = {
					6A4B71D71C32578200853AE7 = {
						CreatedOnToolsVersion = 7.2;
						DevelopmentTeam = Z7D72Z976H;
					};
					6A4B71EB1C32578200853AE7 = {
						CreatedOnToolsVersion = 7.2;
						TestTargetID = 6A4B71D71C32578200853AE7;
					};
					6A4B71F61C32578200853AE7 = {
						CreatedOnToolsVersion = 7.2;
						TestTargetID = 6A4B71D71C32578200853AE7;
					};
				};
			};
			buildConfigurationList = 6A4B71D31C32578200853AE7 /* Build configuration list for PBXProject "Tipster" */;
			compatibilityVersion = "Xcode 3.2";
			developmentRegion = English;
			hasScannedForEncodings = 0;
			knownRegions = (
				en,
				Base,
			);
			mainGroup = 6A4B71CF1C32578200853AE7;
			productRefGroup = 6A4B71D91C32578200853AE7 /* Products */;
			projectDirPath = "";
			projectRoot = "";
			targets = (
				6A4B71D71C32578200853AE7 /* Tipster */,
				6A4B71EB1C32578200853AE7 /* TipsterTests */,
				6A4B71F61C32578200853AE7 /* TipsterUITests */,
			);
		};
/* End PBXProject section */

/* Begin PBXResourcesBuildPhase section */
		6A4B71D61C32578200853AE7 /* Resources */ = {
			isa = PBXResourcesBuildPhase;
			buildActionMask = 2147483647;
			files = (
				6A4B71E61C32578200853AE7 /* LaunchScreen.storyboard in Resources */,
				6A4B71E31C32578200853AE7 /* Assets.xcassets in Resources */,
				6A4B71E11C32578200853AE7 /* Main.storyboard in Resources */,
			);
			runOnlyForDeploymentPostprocessing = 0;
		};
		6A4B71EA1C32578200853AE7 /* Resources */ = {
			isa = PBXResourcesBuildPhase;
			buildActionMask = 2147483647;
			files = (
			);
			runOnlyForDeploymentPostprocessing = 0;
		};
		6A4B71F51C32578200853AE7 /* Resources */ = {
			isa = PBXResourcesBuildPhase;
			buildActionMask = 2147483647;
			files = (
			);
			runOnlyForDeploymentPostprocessing = 0;
		};
/* End PBXResourcesBuildPhase section */

/* Begin PBXSourcesBuildPhase section */
		6A4B71D41C32578200853AE7 /* Sources */ = {
			isa = PBXSourcesBuildPhase;
			buildActionMask = 2147483647;
			files = (
				6A4B71DE1C32578200853AE7 /* ViewController.swift in Sources */,
				6A4B71DC1C32578200853AE7 /* AppDelegate.swift in Sources */,
			);
			runOnlyForDeploymentPostprocessing = 0;
		};
		6A4B71E81C32578200853AE7 /* Sources */ = {
			isa = PBXSourcesBuildPhase;
			buildActionMask = 2147483647;
			files = (
				6A4B71F11C32578200853AE7 /* TipsterTests.swift in Sources */,
			);
			runOnlyForDeploymentPostprocessing = 0;
		};
		6A4B71F31C32578200853AE7 /* Sources */ = {
			isa = PBXSourcesBuildPhase;
			buildActionMask = 2147483647;
			files = (
				6A4B71FC1C32578200853AE7 /* TipsterUITests.swift in Sources */,
			);
			runOnlyForDeploymentPostprocessing = 0;
		};
/* End PBXSourcesBuildPhase section */

/* Begin PBXTargetDependency section */
		6A4B71EE1C32578200853AE7 /* PBXTargetDependency */ = {
			isa = PBXTargetDependency;
			target = 6A4B71D71C32578200853AE7 /* Tipster */;
			targetProxy = 6A4B71ED1C32578200853AE7 /* PBXContainerItemProxy */;
		};
		6A4B71F91C32578200853AE7 /* PBXTargetDependency */ = {
			isa = PBXTargetDependency;
			target = 6A4B71D71C32578200853AE7 /* Tipster */;
			targetProxy = 6A4B71F81C32578200853AE7 /* PBXContainerItemProxy */;
		};
/* End PBXTargetDependency section */

/* Begin PBXVariantGroup section */
		6A4B71DF1C32578200853AE7 /* Main.storyboard */ = {
			isa = PBXVariantGroup;
			children = (
				6A4B71E01C32578200853AE7 /* Base */,
			);
			name = Main.storyboard;
			sourceTree = "<group>";
		};
		6A4B71E41C32578200853AE7 /* LaunchScreen.storyboard */ = {
			isa = PBXVariantGroup;
			children = (
				6A4B71E51C32578200853AE7 /* Base */,
			);
			name = LaunchScreen.storyboard;
			sourceTree = "<group>";
		};
/* End PBXVariantGroup section */

/* Begin XCBuildConfiguration section */
		6A4B71FE1C32578200853AE7 /* Debug */ = {
			isa = XCBuildConfiguration;
			buildSettings = {
				ALWAYS_SEARCH_USER_PATHS = NO;
				CLANG_CXX_LANGUAGE_STANDARD = "gnu++0x";
				CLANG_CXX_LIBRARY = "libc++";
				CLANG_ENABLE_MODULES = YES;
				CLANG_ENABLE_OBJC_ARC = YES;
				CLANG_WARN_BOOL_CONVERSION = YES;
				CLANG_WARN_CONSTANT_CONVERSION = YES;
				CLANG_WARN_DIRECT_OBJC_ISA_USAGE = YES_ERROR;
				CLANG_WARN_EMPTY_BODY = YES;
				CLANG_WARN_ENUM_CONVERSION = YES;
				CLANG_WARN_INT_CONVERSION = YES;
				CLANG_WARN_OBJC_ROOT_CLASS = YES_ERROR;
				CLANG_WARN_UNREACHABLE_CODE = YES;
				CLANG_WARN__DUPLICATE_METHOD_MATCH = YES;
				"CODE_SIGN_IDENTITY[sdk=iphoneos*]" = "iPhone Developer";
				COPY_PHASE_STRIP = NO;
				DEBUG_INFORMATION_FORMAT = dwarf;
				ENABLE_STRICT_OBJC_MSGSEND = YES;
				ENABLE_TESTABILITY = YES;
				GCC_C_LANGUAGE_STANDARD = gnu99;
				GCC_DYNAMIC_NO_PIC = NO;
				GCC_NO_COMMON_BLOCKS = YES;
				GCC_OPTIMIZATION_LEVEL = 0;
				GCC_PREPROCESSOR_DEFINITIONS = (
					"DEBUG=1",
					"$(inherited)",
				);
				GCC_WARN_64_TO_32_BIT_CONVERSION = YES;
				GCC_WARN_ABOUT_RETURN_TYPE = YES_ERROR;
				GCC_WARN_UNDECLARED_SELECTOR = YES;
				GCC_WARN_UNINITIALIZED_AUTOS = YES_AGGRESSIVE;
				GCC_WARN_UNUSED_FUNCTION = YES;
				GCC_WARN_UNUSED_VARIABLE = YES;
				IPHONEOS_DEPLOYMENT_TARGET = 9.2;
				MTL_ENABLE_DEBUG_INFO = YES;
				ONLY_ACTIVE_ARCH = YES;
				SDKROOT = iphoneos;
				SWIFT_OPTIMIZATION_LEVEL = "-Onone";
				TARGETED_DEVICE_FAMILY = "1,2";
			};
			name = Debug;
		};
		6A4B71FF1C32578200853AE7 /* Release */ = {
			isa = XCBuildConfiguration;
			buildSettings = {
				ALWAYS_SEARCH_USER_PATHS = NO;
				CLANG_CXX_LANGUAGE_STANDARD = "gnu++0x";
				CLANG_CXX_LIBRARY = "libc++";
				CLANG_ENABLE_MODULES = YES;
				CLANG_ENABLE_OBJC_ARC = YES;
				CLANG_WARN_BOOL_CONVERSION = YES;
				CLANG_WARN_CONSTANT_CONVERSION = YES;
				CLANG_WARN_DIRECT_OBJC_ISA_USAGE = YES_ERROR;
				CLANG_WARN_EMPTY_BODY = YES;
				CLANG_WARN_ENUM_CONVERSION = YES;
				CLANG_WARN_INT_CONVERSION = YES;
				CLANG_WARN_OBJC_ROOT_CLASS = YES_ERROR;
				CLANG_WARN_UNREACHABLE_CODE = YES;
				CLANG_WARN__DUPLICATE_METHOD_MATCH = YES;
				"CODE_SIGN_IDENTITY[sdk=iphoneos*]" = "iPhone Developer";
				COPY_PHASE_STRIP = NO;
				DEBUG_INFORMATION_FORMAT = "dwarf-with-dsym";
				ENABLE_NS_ASSERTIONS = NO;
				ENABLE_STRICT_OBJC_MSGSEND = YES;
				GCC_C_LANGUAGE_STANDARD = gnu99;
				GCC_NO_COMMON_BLOCKS = YES;
				GCC_WARN_64_TO_32_BIT_CONVERSION = YES;
				GCC_WARN_ABOUT_RETURN_TYPE = YES_ERROR;
				GCC_WARN_UNDECLARED_SELECTOR = YES;
				GCC_WARN_UNINITIALIZED_AUTOS = YES_AGGRESSIVE;
				GCC_WARN_UNUSED_FUNCTION = YES;
				GCC_WARN_UNUSED_VARIABLE = YES;
				IPHONEOS_DEPLOYMENT_TARGET = 9.2;
				MTL_ENABLE_DEBUG_INFO = NO;
				SDKROOT = iphoneos;
				TARGETED_DEVICE_FAMILY = "1,2";
				VALIDATE_PRODUCT = YES;
			};
			name = Release;
		};
		6A4B72011C32578200853AE7 /* Debug */ = {
			isa = XCBuildConfiguration;
			buildSettings = {
				ASSETCATALOG_COMPILER_APPICON_NAME = AppIcon;
				CODE_SIGN_IDENTITY = "iPhone Developer";
				INFOPLIST_FILE = Tipster/Info.plist;
				IPHONEOS_DEPLOYMENT_TARGET = 7.0;
				LD_RUNPATH_SEARCH_PATHS = "$(inherited) @executable_path/Frameworks";
				PRODUCT_BUNDLE_IDENTIFIER = com.Rita.Tipster;
				PRODUCT_NAME = "$(TARGET_NAME)";
			};
			name = Debug;
		};
		6A4B72021C32578200853AE7 /* Release */ = {
			isa = XCBuildConfiguration;
			buildSettings = {
				ASSETCATALOG_COMPILER_APPICON_NAME = AppIcon;
				CODE_SIGN_IDENTITY = "iPhone Developer";
				INFOPLIST_FILE = Tipster/Info.plist;
				IPHONEOS_DEPLOYMENT_TARGET = 7.0;
				LD_RUNPATH_SEARCH_PATHS = "$(inherited) @executable_path/Frameworks";
				PRODUCT_BUNDLE_IDENTIFIER = com.Rita.Tipster;
				PRODUCT_NAME = "$(TARGET_NAME)";
			};
			name = Release;
		};
		6A4B72041C32578200853AE7 /* Debug */ = {
			isa = XCBuildConfiguration;
			buildSettings = {
				BUNDLE_LOADER = "$(TEST_HOST)";
				INFOPLIST_FILE = TipsterTests/Info.plist;
				LD_RUNPATH_SEARCH_PATHS = "$(inherited) @executable_path/Frameworks @loader_path/Frameworks";
				PRODUCT_BUNDLE_IDENTIFIER = com.Rita.TipsterTests;
				PRODUCT_NAME = "$(TARGET_NAME)";
				TEST_HOST = "$(BUILT_PRODUCTS_DIR)/Tipster.app/Tipster";
			};
			name = Debug;
		};
		6A4B72051C32578200853AE7 /* Release */ = {
			isa = XCBuildConfiguration;
			buildSettings = {
				BUNDLE_LOADER = "$(TEST_HOST)";
				INFOPLIST_FILE = TipsterTests/Info.plist;
				LD_RUNPATH_SEARCH_PATHS = "$(inherited) @executable_path/Frameworks @loader_path/Frameworks";
				PRODUCT_BUNDLE_IDENTIFIER = com.Rita.TipsterTests;
				PRODUCT_NAME = "$(TARGET_NAME)";
				TEST_HOST = "$(BUILT_PRODUCTS_DIR)/Tipster.app/Tipster";
			};
			name = Release;
		};
		6A4B72071C32578200853AE7 /* Debug */ = {
			isa = XCBuildConfiguration;
			buildSettings = {
				INFOPLIST_FILE = TipsterUITests/Info.plist;
				LD_RUNPATH_SEARCH_PATHS = "$(inherited) @executable_path/Frameworks @loader_path/Frameworks";
				PRODUCT_BUNDLE_IDENTIFIER = com.Rita.TipsterUITests;
				PRODUCT_NAME = "$(TARGET_NAME)";
				TEST_TARGET_NAME = Tipster;
				USES_XCTRUNNER = YES;
			};
			name = Debug;
		};
		6A4B72081C32578200853AE7 /* Release */ = {
			isa = XCBuildConfiguration;
			buildSettings = {
				INFOPLIST_FILE = TipsterUITests/Info.plist;
				LD_RUNPATH_SEARCH_PATHS = "$(inherited) @executable_path/Frameworks @loader_path/Frameworks";
				PRODUCT_BUNDLE_IDENTIFIER = com.Rita.TipsterUITests;
				PRODUCT_NAME = "$(TARGET_NAME)";
				TEST_TARGET_NAME = Tipster;
				USES_XCTRUNNER = YES;
			};
			name = Release;
		};
/* End XCBuildConfiguration section */

/* Begin XCConfigurationList section */
		6A4B71D31C32578200853AE7 /* Build configuration list for PBXProject "Tipster" */ = {
			isa = XCConfigurationList;
			buildConfigurations = (
				6A4B71FE1C32578200853AE7 /* Debug */,
				6A4B71FF1C32578200853AE7 /* Release */,
			);
			defaultConfigurationIsVisible = 0;
			defaultConfigurationName = Release;
		};
		6A4B72001C32578200853AE7 /* Build configuration list for PBXNativeTarget "Tipster" */ = {
			isa = XCConfigurationList;
			buildConfigurations = (
				6A4B72011C32578200853AE7 /* Debug */,
				6A4B72021C32578200853AE7 /* Release */,
			);
			defaultConfigurationIsVisible = 0;
		};
		6A4B72031C32578200853AE7 /* Build configuration list for PBXNativeTarget "TipsterTests" */ = {
			isa = XCConfigurationList;
			buildConfigurations = (
				6A4B72041C32578200853AE7 /* Debug */,
				6A4B72051C32578200853AE7 /* Release */,
			);
			defaultConfigurationIsVisible = 0;
		};
		6A4B72061C32578200853AE7 /* Build configuration list for PBXNativeTarget "TipsterUITests" */ = {
			isa = XCConfigurationList;
			buildConfigurations = (
				6A4B72071C32578200853AE7 /* Debug */,
				6A4B72081C32578200853AE7 /* Release */,
			);
			defaultConfigurationIsVisible = 0;
		};
/* End XCConfigurationList section */
	};
	rootObject = 6A4B71D01C32578200853AE7 /* Project object */;
}
